
Microsoft Visual Studio Solution File, Format Version 12.00
# Visual Studio Version 17
VisualStudioVersion = 17.9.34622.214
MinimumVisualStudioVersion = 10.0.40219.1
Project("{FAE04EC0-301F-11D3-BF4B-00C04F79EFBC}") = "CookiesCookbookApp", "CookiesCookbookApp.csproj", "{9CCD08DB-4A35-4D5F-9FBC-5145B60DECCE}"
EndProject
Global
	GlobalSection(SolutionConfigurationPlatforms) = preSolution
		Debug|Any CPU = Debug|Any CPU
		Release|Any CPU = Release|Any CPU
	EndGlobalSection
	GlobalSection(ProjectConfigurationPlatforms) = postSolution
		{9CCD08DB-4A35-4D5F-9FBC-5145B60DECCE}.Debug|Any CPU.ActiveCfg = Debug|Any CPU
		{9CCD08DB-4A35-4D5F-9FBC-5145B60DECCE}.Debug|Any CPU.Build.0 = Debug|Any CPU
		{9CCD08DB-4A35-4D5F-9FBC-5145B60DECCE}.Release|Any CPU.ActiveCfg = Release|Any CPU
		{9CCD08DB-4A35-4D5F-9FBC-5145B60DECCE}.Release|Any CPU.Build.0 = Release|Any CPU
	EndGlobalSection
	GlobalSection(SolutionProperties) = preSolution
		HideSolutionNode = FALSE
	EndGlobalSection
	GlobalSection(ExtensibilityGlobals) = postSolution
		SolutionGuid = {D15CE888-8685-4960-B541-969205D8C6F9}
	EndGlobalSection
EndGlobal
